
Microsoft Visual Studio Solution File, Format Version 12.00
# Visual Studio 2013
VisualStudioVersion = 12.0.30501.0
MinimumVisualStudioVersion = 10.0.40219.1
Project("{FAE04EC0-301F-11D3-BF4B-00C04F79EFBC}") = "MyTest", "WebApplication1\MyTest.csproj", "{812E572E-D147-4451-AF5A-6475EA06441A}"
EndProject
Project("{FAE04EC0-301F-11D3-BF4B-00C04F79EFBC}") = "ClassStore", "ClassStore\ClassStore.csproj", "{8CFBB149-F61F-43E5-BF2B-76A5B7590B0F}"
EndProject
Project("{FAE04EC0-301F-11D3-BF4B-00C04F79EFBC}") = "WebApplication2", "WebApplication2\WebApplication2.csproj", "{51F81D71-7FA2-40F2-803B-259D632387FC}"
EndProject
Global
	GlobalSection(SolutionConfigurationPlatforms) = preSolution
		Debug|Any CPU = Debug|Any CPU
		Release|Any CPU = Release|Any CPU
	EndGlobalSection
	GlobalSection(ProjectConfigurationPlatforms) = postSolution
		{812E572E-D147-4451-AF5A-6475EA06441A}.Debug|Any CPU.ActiveCfg = Debug|Any CPU
		{812E572E-D147-4451-AF5A-6475EA06441A}.Debug|Any CPU.Build.0 = Debug|Any CPU
		{812E572E-D147-4451-AF5A-6475EA06441A}.Release|Any CPU.ActiveCfg = Release|Any CPU
		{812E572E-D147-4451-AF5A-6475EA06441A}.Release|Any CPU.Build.0 = Release|Any CPU
		{8CFBB149-F61F-43E5-BF2B-76A5B7590B0F}.Debug|Any CPU.ActiveCfg = Debug|Any CPU
		{8CFBB149-F61F-43E5-BF2B-76A5B7590B0F}.Debug|Any CPU.Build.0 = Debug|Any CPU
		{8CFBB149-F61F-43E5-BF2B-76A5B7590B0F}.Release|Any CPU.ActiveCfg = Release|Any CPU
		{8CFBB149-F61F-43E5-BF2B-76A5B7590B0F}.Release|Any CPU.Build.0 = Release|Any CPU
		{51F81D71-7FA2-40F2-803B-259D632387FC}.Debug|Any CPU.ActiveCfg = Debug|Any CPU
		{51F81D71-7FA2-40F2-803B-259D632387FC}.Debug|Any CPU.Build.0 = Debug|Any CPU
		{51F81D71-7FA2-40F2-803B-259D632387FC}.Release|Any CPU.ActiveCfg = Release|Any CPU
		{51F81D71-7FA2-40F2-803B-259D632387FC}.Release|Any CPU.Build.0 = Release|Any CPU
	EndGlobalSection
	GlobalSection(SolutionProperties) = preSolution
		HideSolutionNode = FALSE
	EndGlobalSection
EndGlobal
